{
  "requires": true,
  "lockfileVersion": 1,
  "dependencies": {
    "@fullcalendar/common": {
      "version": "5.2.0",
      "resolved": "https://registry.npmjs.org/@fullcalendar/common/-/common-5.2.0.tgz",
      "integrity": "sha512-fh2Mp09lzIwlh3AJT5xw1r4jFKMOGRmdpmzJX+qvv3BJrg7P6ze4FLhoIpDRe13wmUpQuQEznk9pY99eFGxVXQ==",
      "requires": {
        "tslib": "^2.0.0"
      }
    },
    "@fullcalendar/core": {
      "version": "5.2.1",
      "resolved": "https://registry.npmjs.org/@fullcalendar/core/-/core-5.2.1.tgz",
      "integrity": "sha512-5NHy5c9a2NokZkPiSk1+zRh4to/reE2ytu2NA/a/deJG7Ai/nM9oUaJj4TO25R5p9U9I+T9x7D3vM+X8Yu5izw==",
      "requires": {
        "@fullcalendar/common": "~5.2.0",
        "preact": "^10.0.5",
        "tslib": "^2.0.0"
      }
    },
    "@fullcalendar/daygrid": {
      "version": "5.2.0",
      "resolved": "https://registry.npmjs.org/@fullcalendar/daygrid/-/daygrid-5.2.0.tgz",
      "integrity": "sha512-VYNjHqBsKgWLbCKBCGVgUG+zwZd+G6lyfRfwgm8dYhF27BgW17spn4Wd6nUuxMh4rfHyNtbH5Xsq6cVkF/phCg==",
      "requires": {
        "@fullcalendar/common": "~5.2.0",
        "tslib": "^2.0.0"
      }
    },
    "@fullcalendar/interaction": {
      "version": "5.2.0",
      "resolved": "https://registry.npmjs.org/@fullcalendar/interaction/-/interaction-5.2.0.tgz",
      "integrity": "sha512-nuAjr/oRGWvFnvXO27UjKpXu6kRavDv1aecX5pgID2+F0rlOuWASUuQARRfzaV4Vjo4dWk+rR3OC/+PtV/wWow==",
      "requires": {
        "@fullcalendar/common": "~5.2.0",
        "tslib": "^2.0.0"
      }
    },
    "@fullcalendar/timegrid": {
      "version": "5.2.0",
      "resolved": "https://registry.npmjs.org/@fullcalendar/timegrid/-/timegrid-5.2.0.tgz",
      "integrity": "sha512-wM95nN5j9AMNfVyWs16O/6X2U2p6wkUbly6o34ocmAc41gJSI8xTXk66bB+RgNJeAVDADa2V8T1773D8JJqm7Q==",
      "requires": {
        "@fullcalendar/common": "~5.2.0",
        "@fullcalendar/daygrid": "~5.2.0",
        "tslib": "^2.0.0"
      }
    },
    "@fullcalendar/vue": {
      "version": "5.2.0",
      "resolved": "https://registry.npmjs.org/@fullcalendar/vue/-/vue-5.2.0.tgz",
      "integrity": "sha512-tZm/VF79XfLOqlvzwsRJV6g9ciIsoqtqFB7VN47i8m/NahFh1X6gpqxxnFqSRRYmgFCvLm18nMH87lT07BenpQ==",
      "requires": {
        "@fullcalendar/core": "~5.2.0",
        "tslib": "^2.0.0"
      }
    },
    "fullcalendar-timegrid": {
      "version": "4.4.0",
      "resolved": "https://registry.npmjs.org/fullcalendar-timegrid/-/fullcalendar-timegrid-4.4.0.tgz",
      "integrity": "sha512-bLHXpkxqjV+kzmPOqDpmblylP2+waQ8Rx3FudihjNIhhM4nVlV4/rjBi0NyiCEd4h8YGCORBvvPmodFNwzMK+A==",
      "requires": {
        "@fullcalendar/daygrid": "~4.4.0"
      },
      "dependencies": {
        "@fullcalendar/daygrid": {
          "version": "4.4.2",
          "resolved": "https://registry.npmjs.org/@fullcalendar/daygrid/-/daygrid-4.4.2.tgz",
          "integrity": "sha512-axjfMhxEXHShV3r2TZjf+2niJ1C6LdAxkHKmg7mVq4jXtUQHOldU5XsjV0v2lUAt1urJBFi2zajfK8798ukL3Q=="
        }
      }
    },
    "preact": {
      "version": "10.4.7",
      "resolved": "https://registry.npmjs.org/preact/-/preact-10.4.7.tgz",
      "integrity": "sha512-DtnnPbOm7oxW7Sxf5Co+KSIOxo7bGm0vLfJN/wGey7G2sAGKnGP5+bFyE2YIgutMISQl6xFVTsOd6l/Au88VVw=="
    },
    "tslib": {
      "version": "2.0.1",
      "resolved": "https://registry.npmjs.org/tslib/-/tslib-2.0.1.tgz",
      "integrity": "sha512-SgIkNheinmEBgx1IUNirK0TUD4X9yjjBRTqqjggWCU3pUEqIk3/Uwl3yRixYKT6WjQuGiwDv4NomL3wqRCj+CQ=="
    }
  }
}
